// !$*UTF8*$!
{
	archiveVersion = 1;
	classes = {
	};
	objectVersion = 56;
	objects = {

/* Begin PBXBuildFile section */
		1514FB5B2A808AEA0059BEB9 /* PrintoutModel.swift in Sources */ = {isa = PBXBuildFile; fileRef = 1514FB5A2A808AEA0059BEB9 /* PrintoutModel.swift */; };
		1514FB5F2A8092910059BEB9 /* PrintoutTableViewCell.swift in Sources */ = {isa = PBXBuildFile; fileRef = 1514FB5D2A8092910059BEB9 /* PrintoutTableViewCell.swift */; };
		1514FB602A8092910059BEB9 /* PrintoutTableViewCell.xib in Resources */ = {isa = PBXBuildFile; fileRef = 1514FB5E2A8092910059BEB9 /* PrintoutTableViewCell.xib */; };
		1514FB622A80CA7A0059BEB9 /* DateFormat.swift in Sources */ = {isa = PBXBuildFile; fileRef = 1514FB612A80CA7A0059BEB9 /* DateFormat.swift */; };
		153597AF2A796BEF009C3B22 /* HomeDistributionTableViewCell.swift in Sources */ = {isa = PBXBuildFile; fileRef = 153597AD2A796BEF009C3B22 /* HomeDistributionTableViewCell.swift */; };
		153597B02A796BEF009C3B22 /* HomeDistributionTableViewCell.xib in Resources */ = {isa = PBXBuildFile; fileRef = 153597AE2A796BEF009C3B22 /* HomeDistributionTableViewCell.xib */; };
		154CC9DC2A78FFD8009AE7C3 /* HomeTableViewCellEcologicalCell.swift in Sources */ = {isa = PBXBuildFile; fileRef = 154CC9DA2A78FFD8009AE7C3 /* HomeTableViewCellEcologicalCell.swift */; };
		154CC9DD2A78FFD8009AE7C3 /* HomeTableViewCellEcologicalCell.xib in Resources */ = {isa = PBXBuildFile; fileRef = 154CC9DB2A78FFD8009AE7C3 /* HomeTableViewCellEcologicalCell.xib */; };
		154EFC3F2A81DE3400B33062 /* DialogConfirmStoryboard.storyboard in Resources */ = {isa = PBXBuildFile; fileRef = 154EFC3E2A81DE3400B33062 /* DialogConfirmStoryboard.storyboard */; };
		154EFC412A81DE4D00B33062 /* DialogConfirmViewController.swift in Sources */ = {isa = PBXBuildFile; fileRef = 154EFC402A81DE4D00B33062 /* DialogConfirmViewController.swift */; };
		154EFC452A8261FA00B33062 /* AcionSheetHelper.swift in Sources */ = {isa = PBXBuildFile; fileRef = 154EFC442A8261FA00B33062 /* AcionSheetHelper.swift */; };
		154EFC472A8264FA00B33062 /* FileSystemHelper.swift in Sources */ = {isa = PBXBuildFile; fileRef = 154EFC462A8264FA00B33062 /* FileSystemHelper.swift */; };
		15873F432A7B67E900F0F59D /* MockData.swift in Sources */ = {isa = PBXBuildFile; fileRef = 15873F422A7B67E900F0F59D /* MockData.swift */; };
		159947772A74F94700A2D012 /* ImageHelper.swift in Sources */ = {isa = PBXBuildFile; fileRef = 159947762A74F94700A2D012 /* ImageHelper.swift */; };
		1599477C2A75053A00A2D012 /* OnboardCell.swift in Sources */ = {isa = PBXBuildFile; fileRef = 1599477B2A75053A00A2D012 /* OnboardCell.swift */; };
		159947842A76286800A2D012 /* Constants.swift in Sources */ = {isa = PBXBuildFile; fileRef = 159947832A76286800A2D012 /* Constants.swift */; };
		159947862A762B2800A2D012 /* HomeViewController.swift in Sources */ = {isa = PBXBuildFile; fileRef = 159947852A762B2800A2D012 /* HomeViewController.swift */; };
		159947882A762B3C00A2D012 /* PrintViewController.swift in Sources */ = {isa = PBXBuildFile; fileRef = 159947872A762B3C00A2D012 /* PrintViewController.swift */; };
		1599478A2A762B5000A2D012 /* MoreViewController.swift in Sources */ = {isa = PBXBuildFile; fileRef = 159947892A762B5000A2D012 /* MoreViewController.swift */; };
		1599478C2A762B6500A2D012 /* ScanViewController.swift in Sources */ = {isa = PBXBuildFile; fileRef = 1599478B2A762B6500A2D012 /* ScanViewController.swift */; };
		159947962A7656C300A2D012 /* MainTabBarViewController.swift in Sources */ = {isa = PBXBuildFile; fileRef = 159947952A7656C300A2D012 /* MainTabBarViewController.swift */; };
		15A82A402A741CFC000F9194 /* AppDelegate.swift in Sources */ = {isa = PBXBuildFile; fileRef = 15A82A3F2A741CFC000F9194 /* AppDelegate.swift */; };
		15A82A422A741CFC000F9194 /* SceneDelegate.swift in Sources */ = {isa = PBXBuildFile; fileRef = 15A82A412A741CFC000F9194 /* SceneDelegate.swift */; };
		15A82A472A741CFC000F9194 /* Main.storyboard in Resources */ = {isa = PBXBuildFile; fileRef = 15A82A452A741CFC000F9194 /* Main.storyboard */; };
		15A82A492A741CFD000F9194 /* Assets.xcassets in Resources */ = {isa = PBXBuildFile; fileRef = 15A82A482A741CFD000F9194 /* Assets.xcassets */; };
		15A82A4C2A741CFD000F9194 /* LaunchScreen.storyboard in Resources */ = {isa = PBXBuildFile; fileRef = 15A82A4A2A741CFD000F9194 /* LaunchScreen.storyboard */; };
		15A82A642A7428B4000F9194 /* OnboardViewController.swift in Sources */ = {isa = PBXBuildFile; fileRef = 15A82A632A7428B4000F9194 /* OnboardViewController.swift */; };
		15A82A712A743129000F9194 /* WelcomeViewController.swift in Sources */ = {isa = PBXBuildFile; fileRef = 15A82A702A743129000F9194 /* WelcomeViewController.swift */; };
		15A82A732A7432D0000F9194 /* WelcomeStoryboard.storyboard in Resources */ = {isa = PBXBuildFile; fileRef = 15A82A722A7432D0000F9194 /* WelcomeStoryboard.storyboard */; };
		15A885732A7683D500664BF8 /* ScanStoryboard.storyboard in Resources */ = {isa = PBXBuildFile; fileRef = 15A885722A7683D500664BF8 /* ScanStoryboard.storyboard */; };
		15A885752A7683F400664BF8 /* MoreStoryboard.storyboard in Resources */ = {isa = PBXBuildFile; fileRef = 15A885742A7683F400664BF8 /* MoreStoryboard.storyboard */; };
		15A885772A76851B00664BF8 /* PrintStoryboard.storyboard in Resources */ = {isa = PBXBuildFile; fileRef = 15A885762A76851B00664BF8 /* PrintStoryboard.storyboard */; };
		15A91FC02A7E40EB0063735F /* LoginRequestModel.swift in Sources */ = {isa = PBXBuildFile; fileRef = 15A91FBF2A7E40EB0063735F /* LoginRequestModel.swift */; };
		15ABB2F72A7CB8AA005DCAB6 /* EmptyPrinterTableViewCell.swift in Sources */ = {isa = PBXBuildFile; fileRef = 15ABB2F52A7CB8AA005DCAB6 /* EmptyPrinterTableViewCell.swift */; };
		15ABB2F82A7CB8AA005DCAB6 /* EmptyPrinterTableViewCell.xib in Resources */ = {isa = PBXBuildFile; fileRef = 15ABB2F62A7CB8AA005DCAB6 /* EmptyPrinterTableViewCell.xib */; };
		15ABB2FB2A7CFA74005DCAB6 /* SignInBannerTableViewCell.swift in Sources */ = {isa = PBXBuildFile; fileRef = 15ABB2F92A7CFA74005DCAB6 /* SignInBannerTableViewCell.swift */; };
		15ABB2FC2A7CFA74005DCAB6 /* SignInBannerTableViewCell.xib in Resources */ = {isa = PBXBuildFile; fileRef = 15ABB2FA2A7CFA74005DCAB6 /* SignInBannerTableViewCell.xib */; };
		15ABB3002A7CFD8D005DCAB6 /* BalanceTableViewCell.swift in Sources */ = {isa = PBXBuildFile; fileRef = 15ABB2FE2A7CFD8D005DCAB6 /* BalanceTableViewCell.swift */; };
		15ABB3012A7CFD8D005DCAB6 /* BalanceTableViewCell.xib in Resources */ = {isa = PBXBuildFile; fileRef = 15ABB2FF2A7CFD8D005DCAB6 /* BalanceTableViewCell.xib */; };
		15ABB3032A7D028B005DCAB6 /* formater.swift in Sources */ = {isa = PBXBuildFile; fileRef = 15ABB3022A7D028B005DCAB6 /* formater.swift */; };
		15D1E3542A7B5AF20059C3FE /* PrintersStoryboard.storyboard in Resources */ = {isa = PBXBuildFile; fileRef = 15D1E3532A7B5AF20059C3FE /* PrintersStoryboard.storyboard */; };
		15D1E3562A7B5AFB0059C3FE /* PrintersViewController.swift in Sources */ = {isa = PBXBuildFile; fileRef = 15D1E3552A7B5AFB0059C3FE /* PrintersViewController.swift */; };
		15D600672A76812400152BBF /* HomeStoryboard.storyboard in Resources */ = {isa = PBXBuildFile; fileRef = 15D600662A76812400152BBF /* HomeStoryboard.storyboard */; };
		15DDB4322A7A134200499812 /* HomePrinterFavoritesTableViewCell.swift in Sources */ = {isa = PBXBuildFile; fileRef = 15DDB4302A7A134200499812 /* HomePrinterFavoritesTableViewCell.swift */; };
		15DDB4332A7A134200499812 /* HomePrinterFavoritesTableViewCell.xib in Resources */ = {isa = PBXBuildFile; fileRef = 15DDB4312A7A134200499812 /* HomePrinterFavoritesTableViewCell.xib */; };
		15DDB43A2A7A1DD000499812 /* PrinterTableViewCell.swift in Sources */ = {isa = PBXBuildFile; fileRef = 15DDB4382A7A1DD000499812 /* PrinterTableViewCell.swift */; };
		15DDB43B2A7A1DD000499812 /* PrinterTableViewCell.xib in Resources */ = {isa = PBXBuildFile; fileRef = 15DDB4392A7A1DD000499812 /* PrinterTableViewCell.xib */; };
		15DDB43E2A7A504200499812 /* PrinterModel.swift in Sources */ = {isa = PBXBuildFile; fileRef = 15DDB43D2A7A504200499812 /* PrinterModel.swift */; };
		15E72F602A7E259200579A1F /* LoginBottomSheetViewController.swift in Sources */ = {isa = PBXBuildFile; fileRef = 15E72F5F2A7E259200579A1F /* LoginBottomSheetViewController.swift */; };
		15E72F642A7E26E900579A1F /* LoginBottomSheetStoryboard.storyboard in Resources */ = {isa = PBXBuildFile; fileRef = 15E72F632A7E26E900579A1F /* LoginBottomSheetStoryboard.storyboard */; };
		15E72F662A7E2D8B00579A1F /* CommonPresentationController.swift in Sources */ = {isa = PBXBuildFile; fileRef = 15E72F652A7E2D8B00579A1F /* CommonPresentationController.swift */; };
		E1CF16DAE54A4388323957C2 /* Pods_Gespage.framework in Frameworks */ = {isa = PBXBuildFile; fileRef = FB42F57F02E734B60B1D3080 /* Pods_Gespage.framework */; };
/* End PBXBuildFile section */

/* Begin PBXFileReference section */
		1514FB5A2A808AEA0059BEB9 /* PrintoutModel.swift */ = {isa = PBXFileReference; lastKnownFileType = sourcecode.swift; path = PrintoutModel.swift; sourceTree = "<group>"; };
		1514FB5D2A8092910059BEB9 /* PrintoutTableViewCell.swift */ = {isa = PBXFileReference; lastKnownFileType = sourcecode.swift; path = PrintoutTableViewCell.swift; sourceTree = "<group>"; };
		1514FB5E2A8092910059BEB9 /* PrintoutTableViewCell.xib */ = {isa = PBXFileReference; lastKnownFileType = file.xib; path = PrintoutTableViewCell.xib; sourceTree = "<group>"; };
		1514FB612A80CA7A0059BEB9 /* DateFormat.swift */ = {isa = PBXFileReference; lastKnownFileType = sourcecode.swift; path = DateFormat.swift; sourceTree = "<group>"; };
		15190AB42A7C034A00D5FA3D /* Charts.framework */ = {isa = PBXFileReference; lastKnownFileType = wrapper.framework; name = Charts.framework; path = System/Library/Frameworks/Charts.framework; sourceTree = SDKROOT; };
		15190AB62A7C099800D5FA3D /* Charts.framework */ = {isa = PBXFileReference; explicitFileType = wrapper.framework; path = Charts.framework; sourceTree = BUILT_PRODUCTS_DIR; };
		153597AD2A796BEF009C3B22 /* HomeDistributionTableViewCell.swift */ = {isa = PBXFileReference; lastKnownFileType = sourcecode.swift; path = HomeDistributionTableViewCell.swift; sourceTree = "<group>"; };
		153597AE2A796BEF009C3B22 /* HomeDistributionTableViewCell.xib */ = {isa = PBXFileReference; lastKnownFileType = file.xib; path = HomeDistributionTableViewCell.xib; sourceTree = "<group>"; };
		154CC9DA2A78FFD8009AE7C3 /* HomeTableViewCellEcologicalCell.swift */ = {isa = PBXFileReference; lastKnownFileType = sourcecode.swift; path = HomeTableViewCellEcologicalCell.swift; sourceTree = "<group>"; };
		154CC9DB2A78FFD8009AE7C3 /* HomeTableViewCellEcologicalCell.xib */ = {isa = PBXFileReference; lastKnownFileType = file.xib; path = HomeTableViewCellEcologicalCell.xib; sourceTree = "<group>"; };
		154EFC3E2A81DE3400B33062 /* DialogConfirmStoryboard.storyboard */ = {isa = PBXFileReference; lastKnownFileType = file.storyboard; path = DialogConfirmStoryboard.storyboard; sourceTree = "<group>"; };
		154EFC402A81DE4D00B33062 /* DialogConfirmViewController.swift */ = {isa = PBXFileReference; lastKnownFileType = sourcecode.swift; path = DialogConfirmViewController.swift; sourceTree = "<group>"; };
		154EFC442A8261FA00B33062 /* AcionSheetHelper.swift */ = {isa = PBXFileReference; lastKnownFileType = sourcecode.swift; path = AcionSheetHelper.swift; sourceTree = "<group>"; };
		154EFC462A8264FA00B33062 /* FileSystemHelper.swift */ = {isa = PBXFileReference; lastKnownFileType = sourcecode.swift; path = FileSystemHelper.swift; sourceTree = "<group>"; };
		15873F422A7B67E900F0F59D /* MockData.swift */ = {isa = PBXFileReference; lastKnownFileType = sourcecode.swift; path = MockData.swift; sourceTree = "<group>"; };
		159947762A74F94700A2D012 /* ImageHelper.swift */ = {isa = PBXFileReference; lastKnownFileType = sourcecode.swift; path = ImageHelper.swift; sourceTree = "<group>"; };
		1599477B2A75053A00A2D012 /* OnboardCell.swift */ = {isa = PBXFileReference; lastKnownFileType = sourcecode.swift; path = OnboardCell.swift; sourceTree = "<group>"; };
		159947832A76286800A2D012 /* Constants.swift */ = {isa = PBXFileReference; lastKnownFileType = sourcecode.swift; path = Constants.swift; sourceTree = "<group>"; };
		159947852A762B2800A2D012 /* HomeViewController.swift */ = {isa = PBXFileReference; lastKnownFileType = sourcecode.swift; path = HomeViewController.swift; sourceTree = "<group>"; };
		159947872A762B3C00A2D012 /* PrintViewController.swift */ = {isa = PBXFileReference; lastKnownFileType = sourcecode.swift; path = PrintViewController.swift; sourceTree = "<group>"; };
		159947892A762B5000A2D012 /* MoreViewController.swift */ = {isa = PBXFileReference; lastKnownFileType = sourcecode.swift; path = MoreViewController.swift; sourceTree = "<group>"; };
		1599478B2A762B6500A2D012 /* ScanViewController.swift */ = {isa = PBXFileReference; lastKnownFileType = sourcecode.swift; path = ScanViewController.swift; sourceTree = "<group>"; };
		159947952A7656C300A2D012 /* MainTabBarViewController.swift */ = {isa = PBXFileReference; lastKnownFileType = sourcecode.swift; path = MainTabBarViewController.swift; sourceTree = "<group>"; };
		15A82A3C2A741CFC000F9194 /* Gespage.app */ = {isa = PBXFileReference; explicitFileType = wrapper.application; includeInIndex = 0; path = Gespage.app; sourceTree = BUILT_PRODUCTS_DIR; };
		15A82A3F2A741CFC000F9194 /* AppDelegate.swift */ = {isa = PBXFileReference; lastKnownFileType = sourcecode.swift; path = AppDelegate.swift; sourceTree = "<group>"; };
		15A82A412A741CFC000F9194 /* SceneDelegate.swift */ = {isa = PBXFileReference; lastKnownFileType = sourcecode.swift; path = SceneDelegate.swift; sourceTree = "<group>"; };
		15A82A462A741CFC000F9194 /* Base */ = {isa = PBXFileReference; lastKnownFileType = file.storyboard; name = Base; path = Base.lproj/Main.storyboard; sourceTree = "<group>"; };
		15A82A482A741CFD000F9194 /* Assets.xcassets */ = {isa = PBXFileReference; lastKnownFileType = folder.assetcatalog; path = Assets.xcassets; sourceTree = "<group>"; };
		15A82A4B2A741CFD000F9194 /* Base */ = {isa = PBXFileReference; lastKnownFileType = file.storyboard; name = Base; path = Base.lproj/LaunchScreen.storyboard; sourceTree = "<group>"; };
		15A82A4D2A741CFD000F9194 /* Info.plist */ = {isa = PBXFileReference; lastKnownFileType = text.plist.xml; path = Info.plist; sourceTree = "<group>"; };
		15A82A632A7428B4000F9194 /* OnboardViewController.swift */ = {isa = PBXFileReference; lastKnownFileType = sourcecode.swift; path = OnboardViewController.swift; sourceTree = "<group>"; };
		15A82A702A743129000F9194 /* WelcomeViewController.swift */ = {isa = PBXFileReference; lastKnownFileType = sourcecode.swift; path = WelcomeViewController.swift; sourceTree = "<group>"; };
		15A82A722A7432D0000F9194 /* WelcomeStoryboard.storyboard */ = {isa = PBXFileReference; lastKnownFileType = file.storyboard; path = WelcomeStoryboard.storyboard; sourceTree = "<group>"; };
		15A885722A7683D500664BF8 /* ScanStoryboard.storyboard */ = {isa = PBXFileReference; lastKnownFileType = file.storyboard; path = ScanStoryboard.storyboard; sourceTree = "<group>"; };
		15A885742A7683F400664BF8 /* MoreStoryboard.storyboard */ = {isa = PBXFileReference; lastKnownFileType = file.storyboard; path = MoreStoryboard.storyboard; sourceTree = "<group>"; };
		15A885762A76851B00664BF8 /* PrintStoryboard.storyboard */ = {isa = PBXFileReference; lastKnownFileType = file.storyboard; path = PrintStoryboard.storyboard; sourceTree = "<group>"; };
		15A91FBF2A7E40EB0063735F /* LoginRequestModel.swift */ = {isa = PBXFileReference; lastKnownFileType = sourcecode.swift; path = LoginRequestModel.swift; sourceTree = "<group>"; };
		15ABB2F52A7CB8AA005DCAB6 /* EmptyPrinterTableViewCell.swift */ = {isa = PBXFileReference; lastKnownFileType = sourcecode.swift; path = EmptyPrinterTableViewCell.swift; sourceTree = "<group>"; };
		15ABB2F62A7CB8AA005DCAB6 /* EmptyPrinterTableViewCell.xib */ = {isa = PBXFileReference; lastKnownFileType = file.xib; path = EmptyPrinterTableViewCell.xib; sourceTree = "<group>"; };
		15ABB2F92A7CFA74005DCAB6 /* SignInBannerTableViewCell.swift */ = {isa = PBXFileReference; lastKnownFileType = sourcecode.swift; path = SignInBannerTableViewCell.swift; sourceTree = "<group>"; };
		15ABB2FA2A7CFA74005DCAB6 /* SignInBannerTableViewCell.xib */ = {isa = PBXFileReference; lastKnownFileType = file.xib; path = SignInBannerTableViewCell.xib; sourceTree = "<group>"; };
		15ABB2FE2A7CFD8D005DCAB6 /* BalanceTableViewCell.swift */ = {isa = PBXFileReference; lastKnownFileType = sourcecode.swift; path = BalanceTableViewCell.swift; sourceTree = "<group>"; };
		15ABB2FF2A7CFD8D005DCAB6 /* BalanceTableViewCell.xib */ = {isa = PBXFileReference; lastKnownFileType = file.xib; path = BalanceTableViewCell.xib; sourceTree = "<group>"; };
		15ABB3022A7D028B005DCAB6 /* formater.swift */ = {isa = PBXFileReference; lastKnownFileType = sourcecode.swift; path = formater.swift; sourceTree = "<group>"; };
		15D1E3532A7B5AF20059C3FE /* PrintersStoryboard.storyboard */ = {isa = PBXFileReference; lastKnownFileType = file.storyboard; path = PrintersStoryboard.storyboard; sourceTree = "<group>"; };
		15D1E3552A7B5AFB0059C3FE /* PrintersViewController.swift */ = {isa = PBXFileReference; lastKnownFileType = sourcecode.swift; path = PrintersViewController.swift; sourceTree = "<group>"; };
		15D600662A76812400152BBF /* HomeStoryboard.storyboard */ = {isa = PBXFileReference; lastKnownFileType = file.storyboard; path = HomeStoryboard.storyboard; sourceTree = "<group>"; };
		15DDB4302A7A134200499812 /* HomePrinterFavoritesTableViewCell.swift */ = {isa = PBXFileReference; lastKnownFileType = sourcecode.swift; path = HomePrinterFavoritesTableViewCell.swift; sourceTree = "<group>"; };
		15DDB4312A7A134200499812 /* HomePrinterFavoritesTableViewCell.xib */ = {isa = PBXFileReference; lastKnownFileType = file.xib; path = HomePrinterFavoritesTableViewCell.xib; sourceTree = "<group>"; };
		15DDB4382A7A1DD000499812 /* PrinterTableViewCell.swift */ = {isa = PBXFileReference; lastKnownFileType = sourcecode.swift; path = PrinterTableViewCell.swift; sourceTree = "<group>"; };
		15DDB4392A7A1DD000499812 /* PrinterTableViewCell.xib */ = {isa = PBXFileReference; lastKnownFileType = file.xib; path = PrinterTableViewCell.xib; sourceTree = "<group>"; };
		15DDB43D2A7A504200499812 /* PrinterModel.swift */ = {isa = PBXFileReference; lastKnownFileType = sourcecode.swift; path = PrinterModel.swift; sourceTree = "<group>"; };
		15E72F5F2A7E259200579A1F /* LoginBottomSheetViewController.swift */ = {isa = PBXFileReference; lastKnownFileType = sourcecode.swift; path = LoginBottomSheetViewController.swift; sourceTree = "<group>"; };
		15E72F632A7E26E900579A1F /* LoginBottomSheetStoryboard.storyboard */ = {isa = PBXFileReference; lastKnownFileType = file.storyboard; path = LoginBottomSheetStoryboard.storyboard; sourceTree = "<group>"; };
		15E72F652A7E2D8B00579A1F /* CommonPresentationController.swift */ = {isa = PBXFileReference; lastKnownFileType = sourcecode.swift; path = CommonPresentationController.swift; sourceTree = "<group>"; };
		A33A9C0863757E249CCC5599 /* Pods-Gespage.debug.xcconfig */ = {isa = PBXFileReference; includeInIndex = 1; lastKnownFileType = text.xcconfig; name = "Pods-Gespage.debug.xcconfig"; path = "Target Support Files/Pods-Gespage/Pods-Gespage.debug.xcconfig"; sourceTree = "<group>"; };
		F3A49DEDA5FFF6B82EE9603C /* Pods-Gespage.release.xcconfig */ = {isa = PBXFileReference; includeInIndex = 1; lastKnownFileType = text.xcconfig; name = "Pods-Gespage.release.xcconfig"; path = "Target Support Files/Pods-Gespage/Pods-Gespage.release.xcconfig"; sourceTree = "<group>"; };
		FB42F57F02E734B60B1D3080 /* Pods_Gespage.framework */ = {isa = PBXFileReference; explicitFileType = wrapper.framework; includeInIndex = 0; path = Pods_Gespage.framework; sourceTree = BUILT_PRODUCTS_DIR; };
/* End PBXFileReference section */

/* Begin PBXFrameworksBuildPhase section */
		15A82A392A741CFC000F9194 /* Frameworks */ = {
			isa = PBXFrameworksBuildPhase;
			buildActionMask = 2147483647;
			files = (
				E1CF16DAE54A4388323957C2 /* Pods_Gespage.framework in Frameworks */,
			);
			runOnlyForDeploymentPostprocessing = 0;
		};
/* End PBXFrameworksBuildPhase section */

/* Begin PBXGroup section */
		038793DD9E389BB21C9464D7 /* Frameworks */ = {
			isa = PBXGroup;
			children = (
				15190AB62A7C099800D5FA3D /* Charts.framework */,
				15190AB42A7C034A00D5FA3D /* Charts.framework */,
				FB42F57F02E734B60B1D3080 /* Pods_Gespage.framework */,
			);
			name = Frameworks;
			sourceTree = "<group>";
		};
		0AF1423421EFA43F57CBA92A /* Pods */ = {
			isa = PBXGroup;
			children = (
				A33A9C0863757E249CCC5599 /* Pods-Gespage.debug.xcconfig */,
				F3A49DEDA5FFF6B82EE9603C /* Pods-Gespage.release.xcconfig */,
			);
			path = Pods;
			sourceTree = "<group>";
		};
		1514FB5C2A8092350059BEB9 /* Cells */ = {
			isa = PBXGroup;
			children = (
				1514FB5D2A8092910059BEB9 /* PrintoutTableViewCell.swift */,
				1514FB5E2A8092910059BEB9 /* PrintoutTableViewCell.xib */,
			);
			name = Cells;
			path = "Cêls";
			sourceTree = "<group>";
		};
		154EFC392A81DDCF00B33062 /* Dialog */ = {
			isa = PBXGroup;
			children = (
				154EFC3E2A81DE3400B33062 /* DialogConfirmStoryboard.storyboard */,
				154EFC402A81DE4D00B33062 /* DialogConfirmViewController.swift */,
			);
			path = Dialog;
			sourceTree = "<group>";
		};
		156C8E732A78A56700DAE0CA /* Libs */ = {
			isa = PBXGroup;
			children = (
				15E72F672A7E2DB400579A1F /* Login */,
				15DDB4462A7A59F100499812 /* Printers */,
				15A82A4A2A741CFD000F9194 /* LaunchScreen.storyboard */,
				159947952A7656C300A2D012 /* MainTabBarViewController.swift */,
				156C8E792A78A67800DAE0CA /* Main */,
				156C8E782A78A66100DAE0CA /* Print */,
				156C8E772A78A65600DAE0CA /* Scan */,
				156C8E762A78A63C00DAE0CA /* More */,
				156C8E752A78A63800DAE0CA /* Welcome */,
				156C8E742A78A61500DAE0CA /* Home */,
			);
			path = Libs;
			sourceTree = "<group>";
		};
		156C8E742A78A61500DAE0CA /* Home */ = {
			isa = PBXGroup;
			children = (
				15ABB2FD2A7CFD62005DCAB6 /* Balance */,
				15DDB4362A7A1BC500499812 /* PrinterFavorites */,
				15DDB4352A7A1BB600499812 /* Distribution */,
				15DDB4342A7A1B9A00499812 /* Ecological */,
				15D600662A76812400152BBF /* HomeStoryboard.storyboard */,
				159947852A762B2800A2D012 /* HomeViewController.swift */,
			);
			path = Home;
			sourceTree = "<group>";
		};
		156C8E752A78A63800DAE0CA /* Welcome */ = {
			isa = PBXGroup;
			children = (
				15A82A702A743129000F9194 /* WelcomeViewController.swift */,
				15A82A722A7432D0000F9194 /* WelcomeStoryboard.storyboard */,
			);
			path = Welcome;
			sourceTree = "<group>";
		};
		156C8E762A78A63C00DAE0CA /* More */ = {
			isa = PBXGroup;
			children = (
				15A885742A7683F400664BF8 /* MoreStoryboard.storyboard */,
				159947892A762B5000A2D012 /* MoreViewController.swift */,
			);
			path = More;
			sourceTree = "<group>";
		};
		156C8E772A78A65600DAE0CA /* Scan */ = {
			isa = PBXGroup;
			children = (
				1599478B2A762B6500A2D012 /* ScanViewController.swift */,
				15A885722A7683D500664BF8 /* ScanStoryboard.storyboard */,
			);
			path = Scan;
			sourceTree = "<group>";
		};
		156C8E782A78A66100DAE0CA /* Print */ = {
			isa = PBXGroup;
			children = (
				1514FB5C2A8092350059BEB9 /* Cells */,
				159947872A762B3C00A2D012 /* PrintViewController.swift */,
				15A885762A76851B00664BF8 /* PrintStoryboard.storyboard */,
			);
			path = Print;
			sourceTree = "<group>";
		};
		156C8E792A78A67800DAE0CA /* Main */ = {
			isa = PBXGroup;
			children = (
				15A82A632A7428B4000F9194 /* OnboardViewController.swift */,
				15A82A452A741CFC000F9194 /* Main.storyboard */,
			);
			path = Main;
			sourceTree = "<group>";
		};
		15873F412A7B67CD00F0F59D /* MockData */ = {
			isa = PBXGroup;
			children = (
				15873F422A7B67E900F0F59D /* MockData.swift */,
			);
			path = MockData;
			sourceTree = "<group>";
		};
		159947752A74F93600A2D012 /* Constants */ = {
			isa = PBXGroup;
			children = (
				159947762A74F94700A2D012 /* ImageHelper.swift */,
				159947832A76286800A2D012 /* Constants.swift */,
				15ABB3022A7D028B005DCAB6 /* formater.swift */,
				1514FB612A80CA7A0059BEB9 /* DateFormat.swift */,
				154EFC442A8261FA00B33062 /* AcionSheetHelper.swift */,
				154EFC462A8264FA00B33062 /* FileSystemHelper.swift */,
			);
			path = Constants;
			sourceTree = "<group>";
		};
		159947782A7504DD00A2D012 /* CustomViews */ = {
			isa = PBXGroup;
			children = (
			);
			path = CustomViews;
			sourceTree = "<group>";
		};
		15A82A332A741CFC000F9194 = {
			isa = PBXGroup;
			children = (
				15A82A3E2A741CFC000F9194 /* Gespage */,
				15A82A3D2A741CFC000F9194 /* Products */,
				0AF1423421EFA43F57CBA92A /* Pods */,
				038793DD9E389BB21C9464D7 /* Frameworks */,
			);
			sourceTree = "<group>";
		};
		15A82A3D2A741CFC000F9194 /* Products */ = {
			isa = PBXGroup;
			children = (
				15A82A3C2A741CFC000F9194 /* Gespage.app */,
			);
			name = Products;
			sourceTree = "<group>";
		};
		15A82A3E2A741CFC000F9194 /* Gespage */ = {
			isa = PBXGroup;
			children = (
				15E72F512A7E0E9700579A1F /* Common */,
				15873F412A7B67CD00F0F59D /* MockData */,
				15DDB43C2A7A503600499812 /* Models */,
				15DDB4372A7A1DB800499812 /* CommonCells */,
				156C8E732A78A56700DAE0CA /* Libs */,
				159947782A7504DD00A2D012 /* CustomViews */,
				159947752A74F93600A2D012 /* Constants */,
				15A82A672A742C8F000F9194 /* Application */,
				15A82A6B2A742CED000F9194 /* Resources */,
			);
			path = Gespage;
			sourceTree = "<group>";
		};
		15A82A672A742C8F000F9194 /* Application */ = {
			isa = PBXGroup;
			children = (
				15A82A4D2A741CFD000F9194 /* Info.plist */,
				15A82A412A741CFC000F9194 /* SceneDelegate.swift */,
				15A82A3F2A741CFC000F9194 /* AppDelegate.swift */,
			);
			path = Application;
			sourceTree = "<group>";
		};
		15A82A6B2A742CED000F9194 /* Resources */ = {
			isa = PBXGroup;
			children = (
				15A82A482A741CFD000F9194 /* Assets.xcassets */,
			);
			path = Resources;
			sourceTree = "<group>";
		};
		15ABB2FD2A7CFD62005DCAB6 /* Balance */ = {
			isa = PBXGroup;
			children = (
				15ABB2FE2A7CFD8D005DCAB6 /* BalanceTableViewCell.swift */,
				15ABB2FF2A7CFD8D005DCAB6 /* BalanceTableViewCell.xib */,
			);
			path = Balance;
			sourceTree = "<group>";
		};
		15DDB4342A7A1B9A00499812 /* Ecological */ = {
			isa = PBXGroup;
			children = (
				154CC9DA2A78FFD8009AE7C3 /* HomeTableViewCellEcologicalCell.swift */,
				154CC9DB2A78FFD8009AE7C3 /* HomeTableViewCellEcologicalCell.xib */,
			);
			path = Ecological;
			sourceTree = "<group>";
		};
		15DDB4352A7A1BB600499812 /* Distribution */ = {
			isa = PBXGroup;
			children = (
				153597AD2A796BEF009C3B22 /* HomeDistributionTableViewCell.swift */,
				153597AE2A796BEF009C3B22 /* HomeDistributionTableViewCell.xib */,
			);
			path = Distribution;
			sourceTree = "<group>";
		};
		15DDB4362A7A1BC500499812 /* PrinterFavorites */ = {
			isa = PBXGroup;
			children = (
				15DDB4302A7A134200499812 /* HomePrinterFavoritesTableViewCell.swift */,
				15DDB4312A7A134200499812 /* HomePrinterFavoritesTableViewCell.xib */,
			);
			path = PrinterFavorites;
			sourceTree = "<group>";
		};
		15DDB4372A7A1DB800499812 /* CommonCells */ = {
			isa = PBXGroup;
			children = (
				1599477B2A75053A00A2D012 /* OnboardCell.swift */,
				15DDB4382A7A1DD000499812 /* PrinterTableViewCell.swift */,
				15DDB4392A7A1DD000499812 /* PrinterTableViewCell.xib */,
				15ABB2F52A7CB8AA005DCAB6 /* EmptyPrinterTableViewCell.swift */,
				15ABB2F62A7CB8AA005DCAB6 /* EmptyPrinterTableViewCell.xib */,
				15ABB2F92A7CFA74005DCAB6 /* SignInBannerTableViewCell.swift */,
				15ABB2FA2A7CFA74005DCAB6 /* SignInBannerTableViewCell.xib */,
			);
			name = CommonCells;
			path = Libs/CommonCells;
			sourceTree = "<group>";
		};
		15DDB43C2A7A503600499812 /* Models */ = {
			isa = PBXGroup;
			children = (
				15DDB43D2A7A504200499812 /* PrinterModel.swift */,
				15A91FBF2A7E40EB0063735F /* LoginRequestModel.swift */,
				1514FB5A2A808AEA0059BEB9 /* PrintoutModel.swift */,
			);
			name = Models;
			path = Libs/Models;
			sourceTree = "<group>";
		};
		15DDB4462A7A59F100499812 /* Printers */ = {
			isa = PBXGroup;
			children = (
				15D1E3532A7B5AF20059C3FE /* PrintersStoryboard.storyboard */,
				15D1E3552A7B5AFB0059C3FE /* PrintersViewController.swift */,
			);
			path = Printers;
			sourceTree = "<group>";
		};
		15E72F512A7E0E9700579A1F /* Common */ = {
			isa = PBXGroup;
			children = (
				154EFC392A81DDCF00B33062 /* Dialog */,
				15E72F652A7E2D8B00579A1F /* CommonPresentationController.swift */,
			);
			path = Common;
			sourceTree = "<group>";
		};
		15E72F672A7E2DB400579A1F /* Login */ = {
			isa = PBXGroup;
			children = (
				15E72F5F2A7E259200579A1F /* LoginBottomSheetViewController.swift */,
				15E72F632A7E26E900579A1F /* LoginBottomSheetStoryboard.storyboard */,
			);
			path = Login;
			sourceTree = "<group>";
		};
/* End PBXGroup section */

/* Begin PBXNativeTarget section */
		15A82A3B2A741CFC000F9194 /* Gespage */ = {
			isa = PBXNativeTarget;
			buildConfigurationList = 15A82A502A741CFD000F9194 /* Build configuration list for PBXNativeTarget "Gespage" */;
			buildPhases = (
				CDD5AA0C9909C6A3EA9B5A40 /* [CP] Check Pods Manifest.lock */,
				15A82A382A741CFC000F9194 /* Sources */,
				15A82A392A741CFC000F9194 /* Frameworks */,
				15A82A3A2A741CFC000F9194 /* Resources */,
				65EA49BE4B22C1FBAABAB2DA /* [CP] Embed Pods Frameworks */,
			);
			buildRules = (
			);
			dependencies = (
			);
			name = Gespage;
			productName = Gespage;
			productReference = 15A82A3C2A741CFC000F9194 /* Gespage.app */;
			productType = "com.apple.product-type.application";
		};
/* End PBXNativeTarget section */

/* Begin PBXProject section */
		15A82A342A741CFC000F9194 /* Project object */ = {
			isa = PBXProject;
			attributes = {
				BuildIndependentTargetsInParallel = 1;
				LastSwiftUpdateCheck = 1430;
				LastUpgradeCheck = 1430;
				TargetAttributes = {
					15A82A3B2A741CFC000F9194 = {
						CreatedOnToolsVersion = 14.3.1;
					};
				};
			};
			buildConfigurationList = 15A82A372A741CFC000F9194 /* Build configuration list for PBXProject "Gespage" */;
			compatibilityVersion = "Xcode 14.0";
			developmentRegion = en;
			hasScannedForEncodings = 0;
			knownRegions = (
				en,
				Base,
			);
			mainGroup = 15A82A332A741CFC000F9194;
			productRefGroup = 15A82A3D2A741CFC000F9194 /* Products */;
			projectDirPath = "";
			projectRoot = "";
			targets = (
				15A82A3B2A741CFC000F9194 /* Gespage */,
			);
		};
/* End PBXProject section */

/* Begin PBXResourcesBuildPhase section */
		15A82A3A2A741CFC000F9194 /* Resources */ = {
			isa = PBXResourcesBuildPhase;
			buildActionMask = 2147483647;
			files = (
				153597B02A796BEF009C3B22 /* HomeDistributionTableViewCell.xib in Resources */,
				15A82A732A7432D0000F9194 /* WelcomeStoryboard.storyboard in Resources */,
				1514FB602A8092910059BEB9 /* PrintoutTableViewCell.xib in Resources */,
				15ABB3012A7CFD8D005DCAB6 /* BalanceTableViewCell.xib in Resources */,
				15A82A4C2A741CFD000F9194 /* LaunchScreen.storyboard in Resources */,
				15A885732A7683D500664BF8 /* ScanStoryboard.storyboard in Resources */,
				15D1E3542A7B5AF20059C3FE /* PrintersStoryboard.storyboard in Resources */,
				15DDB43B2A7A1DD000499812 /* PrinterTableViewCell.xib in Resources */,
				15ABB2F82A7CB8AA005DCAB6 /* EmptyPrinterTableViewCell.xib in Resources */,
				15A885752A7683F400664BF8 /* MoreStoryboard.storyboard in Resources */,
				154CC9DD2A78FFD8009AE7C3 /* HomeTableViewCellEcologicalCell.xib in Resources */,
				15A82A492A741CFD000F9194 /* Assets.xcassets in Resources */,
				15ABB2FC2A7CFA74005DCAB6 /* SignInBannerTableViewCell.xib in Resources */,
				15A82A472A741CFC000F9194 /* Main.storyboard in Resources */,
				154EFC3F2A81DE3400B33062 /* DialogConfirmStoryboard.storyboard in Resources */,
				15E72F642A7E26E900579A1F /* LoginBottomSheetStoryboard.storyboard in Resources */,
				15DDB4332A7A134200499812 /* HomePrinterFavoritesTableViewCell.xib in Resources */,
				15D600672A76812400152BBF /* HomeStoryboard.storyboard in Resources */,
				15A885772A76851B00664BF8 /* PrintStoryboard.storyboard in Resources */,
			);
			runOnlyForDeploymentPostprocessing = 0;
		};
/* End PBXResourcesBuildPhase section */

/* Begin PBXShellScriptBuildPhase section */
		65EA49BE4B22C1FBAABAB2DA /* [CP] Embed Pods Frameworks */ = {
			isa = PBXShellScriptBuildPhase;
			buildActionMask = 2147483647;
			files = (
			);
			inputFileListPaths = (
				"${PODS_ROOT}/Target Support Files/Pods-Gespage/Pods-Gespage-frameworks-${CONFIGURATION}-input-files.xcfilelist",
			);
			name = "[CP] Embed Pods Frameworks";
			outputFileListPaths = (
				"${PODS_ROOT}/Target Support Files/Pods-Gespage/Pods-Gespage-frameworks-${CONFIGURATION}-output-files.xcfilelist",
			);
			runOnlyForDeploymentPostprocessing = 0;
			shellPath = /bin/sh;
			shellScript = "\"${PODS_ROOT}/Target Support Files/Pods-Gespage/Pods-Gespage-frameworks.sh\"\n";
			showEnvVarsInLog = 0;
		};
		CDD5AA0C9909C6A3EA9B5A40 /* [CP] Check Pods Manifest.lock */ = {
			isa = PBXShellScriptBuildPhase;
			buildActionMask = 2147483647;
			files = (
			);
			inputFileListPaths = (
			);
			inputPaths = (
				"${PODS_PODFILE_DIR_PATH}/Podfile.lock",
				"${PODS_ROOT}/Manifest.lock",
			);
			name = "[CP] Check Pods Manifest.lock";
			outputFileListPaths = (
			);
			outputPaths = (
				"$(DERIVED_FILE_DIR)/Pods-Gespage-checkManifestLockResult.txt",
			);
			runOnlyForDeploymentPostprocessing = 0;
			shellPath = /bin/sh;
			shellScript = "diff \"${PODS_PODFILE_DIR_PATH}/Podfile.lock\" \"${PODS_ROOT}/Manifest.lock\" > /dev/null\nif [ $? != 0 ] ; then\n    # print error to STDERR\n    echo \"error: The sandbox is not in sync with the Podfile.lock. Run 'pod install' or update your CocoaPods installation.\" >&2\n    exit 1\nfi\n# This output is used by Xcode 'outputs' to avoid re-running this script phase.\necho \"SUCCESS\" > \"${SCRIPT_OUTPUT_FILE_0}\"\n";
			showEnvVarsInLog = 0;
		};
/* End PBXShellScriptBuildPhase section */

/* Begin PBXSourcesBuildPhase section */
		15A82A382A741CFC000F9194 /* Sources */ = {
			isa = PBXSourcesBuildPhase;
			buildActionMask = 2147483647;
			files = (
				15ABB3002A7CFD8D005DCAB6 /* BalanceTableViewCell.swift in Sources */,
				15A91FC02A7E40EB0063735F /* LoginRequestModel.swift in Sources */,
				15A82A712A743129000F9194 /* WelcomeViewController.swift in Sources */,
				159947882A762B3C00A2D012 /* PrintViewController.swift in Sources */,
				15DDB4322A7A134200499812 /* HomePrinterFavoritesTableViewCell.swift in Sources */,
				159947772A74F94700A2D012 /* ImageHelper.swift in Sources */,
				15ABB2F72A7CB8AA005DCAB6 /* EmptyPrinterTableViewCell.swift in Sources */,
				1599478A2A762B5000A2D012 /* MoreViewController.swift in Sources */,
				15ABB3032A7D028B005DCAB6 /* formater.swift in Sources */,
				15A82A402A741CFC000F9194 /* AppDelegate.swift in Sources */,
				15E72F662A7E2D8B00579A1F /* CommonPresentationController.swift in Sources */,
				1599477C2A75053A00A2D012 /* OnboardCell.swift in Sources */,
				159947862A762B2800A2D012 /* HomeViewController.swift in Sources */,
				15A82A642A7428B4000F9194 /* OnboardViewController.swift in Sources */,
				15A82A422A741CFC000F9194 /* SceneDelegate.swift in Sources */,
				1514FB5B2A808AEA0059BEB9 /* PrintoutModel.swift in Sources */,
				15E72F602A7E259200579A1F /* LoginBottomSheetViewController.swift in Sources */,
				154EFC412A81DE4D00B33062 /* DialogConfirmViewController.swift in Sources */,
				159947962A7656C300A2D012 /* MainTabBarViewController.swift in Sources */,
				159947842A76286800A2D012 /* Constants.swift in Sources */,
				1514FB622A80CA7A0059BEB9 /* DateFormat.swift in Sources */,
				15DDB43A2A7A1DD000499812 /* PrinterTableViewCell.swift in Sources */,
				154EFC472A8264FA00B33062 /* FileSystemHelper.swift in Sources */,
				154EFC452A8261FA00B33062 /* AcionSheetHelper.swift in Sources */,
				154CC9DC2A78FFD8009AE7C3 /* HomeTableViewCellEcologicalCell.swift in Sources */,
				15DDB43E2A7A504200499812 /* PrinterModel.swift in Sources */,
				1514FB5F2A8092910059BEB9 /* PrintoutTableViewCell.swift in Sources */,
				15ABB2FB2A7CFA74005DCAB6 /* SignInBannerTableViewCell.swift in Sources */,
				15D1E3562A7B5AFB0059C3FE /* PrintersViewController.swift in Sources */,
				153597AF2A796BEF009C3B22 /* HomeDistributionTableViewCell.swift in Sources */,
				1599478C2A762B6500A2D012 /* ScanViewController.swift in Sources */,
				15873F432A7B67E900F0F59D /* MockData.swift in Sources */,
			);
			runOnlyForDeploymentPostprocessing = 0;
		};
/* End PBXSourcesBuildPhase section */

/* Begin PBXVariantGroup section */
		15A82A452A741CFC000F9194 /* Main.storyboard */ = {
			isa = PBXVariantGroup;
			children = (
				15A82A462A741CFC000F9194 /* Base */,
			);
			name = Main.storyboard;
			sourceTree = "<group>";
		};
		15A82A4A2A741CFD000F9194 /* LaunchScreen.storyboard */ = {
			isa = PBXVariantGroup;
			children = (
				15A82A4B2A741CFD000F9194 /* Base */,
			);
			name = LaunchScreen.storyboard;
			sourceTree = "<group>";
		};
/* End PBXVariantGroup section */

/* Begin XCBuildConfiguration section */
		15A82A4E2A741CFD000F9194 /* Debug */ = {
			isa = XCBuildConfiguration;
			buildSettings = {
				ALWAYS_SEARCH_USER_PATHS = NO;
				CLANG_ANALYZER_NONNULL = YES;
				CLANG_ANALYZER_NUMBER_OBJECT_CONVERSION = YES_AGGRESSIVE;
				CLANG_CXX_LANGUAGE_STANDARD = "gnu++20";
				CLANG_ENABLE_MODULES = YES;
				CLANG_ENABLE_OBJC_ARC = YES;
				CLANG_ENABLE_OBJC_WEAK = YES;
				CLANG_WARN_BLOCK_CAPTURE_AUTORELEASING = YES;
				CLANG_WARN_BOOL_CONVERSION = YES;
				CLANG_WARN_COMMA = YES;
				CLANG_WARN_CONSTANT_CONVERSION = YES;
				CLANG_WARN_DEPRECATED_OBJC_IMPLEMENTATIONS = YES;
				CLANG_WARN_DIRECT_OBJC_ISA_USAGE = YES_ERROR;
				CLANG_WARN_DOCUMENTATION_COMMENTS = YES;
				CLANG_WARN_EMPTY_BODY = YES;
				CLANG_WARN_ENUM_CONVERSION = YES;
				CLANG_WARN_INFINITE_RECURSION = YES;
				CLANG_WARN_INT_CONVERSION = YES;
				CLANG_WARN_NON_LITERAL_NULL_CONVERSION = YES;
				CLANG_WARN_OBJC_IMPLICIT_RETAIN_SELF = YES;
				CLANG_WARN_OBJC_LITERAL_CONVERSION = YES;
				CLANG_WARN_OBJC_ROOT_CLASS = YES_ERROR;
				CLANG_WARN_QUOTED_INCLUDE_IN_FRAMEWORK_HEADER = YES;
				CLANG_WARN_RANGE_LOOP_ANALYSIS = YES;
				CLANG_WARN_STRICT_PROTOTYPES = YES;
				CLANG_WARN_SUSPICIOUS_MOVE = YES;
				CLANG_WARN_UNGUARDED_AVAILABILITY = YES_AGGRESSIVE;
				CLANG_WARN_UNREACHABLE_CODE = YES;
				CLANG_WARN__DUPLICATE_METHOD_MATCH = YES;
				COPY_PHASE_STRIP = NO;
				DEBUG_INFORMATION_FORMAT = dwarf;
				ENABLE_STRICT_OBJC_MSGSEND = YES;
				ENABLE_TESTABILITY = YES;
				GCC_C_LANGUAGE_STANDARD = gnu11;
				GCC_DYNAMIC_NO_PIC = NO;
				GCC_NO_COMMON_BLOCKS = YES;
				GCC_OPTIMIZATION_LEVEL = 0;
				GCC_PREPROCESSOR_DEFINITIONS = (
					"DEBUG=1",
					"$(inherited)",
				);
				GCC_WARN_64_TO_32_BIT_CONVERSION = YES;
				GCC_WARN_ABOUT_RETURN_TYPE = YES_ERROR;
				GCC_WARN_UNDECLARED_SELECTOR = YES;
				GCC_WARN_UNINITIALIZED_AUTOS = YES_AGGRESSIVE;
				GCC_WARN_UNUSED_FUNCTION = YES;
				GCC_WARN_UNUSED_VARIABLE = YES;
				IPHONEOS_DEPLOYMENT_TARGET = 16.4;
				MTL_ENABLE_DEBUG_INFO = INCLUDE_SOURCE;
				MTL_FAST_MATH = YES;
				ONLY_ACTIVE_ARCH = YES;
				SDKROOT = iphoneos;
				SWIFT_ACTIVE_COMPILATION_CONDITIONS = DEBUG;
				SWIFT_OPTIMIZATION_LEVEL = "-Onone";
			};
			name = Debug;
		};
		15A82A4F2A741CFD000F9194 /* Release */ = {
			isa = XCBuildConfiguration;
			buildSettings = {
				ALWAYS_SEARCH_USER_PATHS = NO;
				CLANG_ANALYZER_NONNULL = YES;
				CLANG_ANALYZER_NUMBER_OBJECT_CONVERSION = YES_AGGRESSIVE;
				CLANG_CXX_LANGUAGE_STANDARD = "gnu++20";
				CLANG_ENABLE_MODULES = YES;
				CLANG_ENABLE_OBJC_ARC = YES;
				CLANG_ENABLE_OBJC_WEAK = YES;
				CLANG_WARN_BLOCK_CAPTURE_AUTORELEASING = YES;
				CLANG_WARN_BOOL_CONVERSION = YES;
				CLANG_WARN_COMMA = YES;
				CLANG_WARN_CONSTANT_CONVERSION = YES;
				CLANG_WARN_DEPRECATED_OBJC_IMPLEMENTATIONS = YES;
				CLANG_WARN_DIRECT_OBJC_ISA_USAGE = YES_ERROR;
				CLANG_WARN_DOCUMENTATION_COMMENTS = YES;
				CLANG_WARN_EMPTY_BODY = YES;
				CLANG_WARN_ENUM_CONVERSION = YES;
				CLANG_WARN_INFINITE_RECURSION = YES;
				CLANG_WARN_INT_CONVERSION = YES;
				CLANG_WARN_NON_LITERAL_NULL_CONVERSION = YES;
				CLANG_WARN_OBJC_IMPLICIT_RETAIN_SELF = YES;
				CLANG_WARN_OBJC_LITERAL_CONVERSION = YES;
				CLANG_WARN_OBJC_ROOT_CLASS = YES_ERROR;
				CLANG_WARN_QUOTED_INCLUDE_IN_FRAMEWORK_HEADER = YES;
				CLANG_WARN_RANGE_LOOP_ANALYSIS = YES;
				CLANG_WARN_STRICT_PROTOTYPES = YES;
				CLANG_WARN_SUSPICIOUS_MOVE = YES;
				CLANG_WARN_UNGUARDED_AVAILABILITY = YES_AGGRESSIVE;
				CLANG_WARN_UNREACHABLE_CODE = YES;
				CLANG_WARN__DUPLICATE_METHOD_MATCH = YES;
				COPY_PHASE_STRIP = NO;
				DEBUG_INFORMATION_FORMAT = "dwarf-with-dsym";
				ENABLE_NS_ASSERTIONS = NO;
				ENABLE_STRICT_OBJC_MSGSEND = YES;
				GCC_C_LANGUAGE_STANDARD = gnu11;
				GCC_NO_COMMON_BLOCKS = YES;
				GCC_WARN_64_TO_32_BIT_CONVERSION = YES;
				GCC_WARN_ABOUT_RETURN_TYPE = YES_ERROR;
				GCC_WARN_UNDECLARED_SELECTOR = YES;
				GCC_WARN_UNINITIALIZED_AUTOS = YES_AGGRESSIVE;
				GCC_WARN_UNUSED_FUNCTION = YES;
				GCC_WARN_UNUSED_VARIABLE = YES;
				IPHONEOS_DEPLOYMENT_TARGET = 16.4;
				MTL_ENABLE_DEBUG_INFO = NO;
				MTL_FAST_MATH = YES;
				SDKROOT = iphoneos;
				SWIFT_COMPILATION_MODE = wholemodule;
				SWIFT_OPTIMIZATION_LEVEL = "-O";
				VALIDATE_PRODUCT = YES;
			};
			name = Release;
		};
		15A82A512A741CFD000F9194 /* Debug */ = {
			isa = XCBuildConfiguration;
			baseConfigurationReference = A33A9C0863757E249CCC5599 /* Pods-Gespage.debug.xcconfig */;
			buildSettings = {
				ASSETCATALOG_COMPILER_APPICON_NAME = AppIcon;
				ASSETCATALOG_COMPILER_GLOBAL_ACCENT_COLOR_NAME = AccentColor;
				CODE_SIGN_STYLE = Automatic;
				CURRENT_PROJECT_VERSION = 1;
				GENERATE_INFOPLIST_FILE = YES;
				INFOPLIST_FILE = Gespage/Application/Info.plist;
				INFOPLIST_KEY_UIApplicationSupportsIndirectInputEvents = YES;
				INFOPLIST_KEY_UILaunchStoryboardName = LaunchScreen;
				INFOPLIST_KEY_UIMainStoryboardFile = Main;
				INFOPLIST_KEY_UISupportedInterfaceOrientations_iPad = "UIInterfaceOrientationPortrait UIInterfaceOrientationPortraitUpsideDown UIInterfaceOrientationLandscapeLeft UIInterfaceOrientationLandscapeRight";
				INFOPLIST_KEY_UISupportedInterfaceOrientations_iPhone = "UIInterfaceOrientationPortrait UIInterfaceOrientationLandscapeLeft UIInterfaceOrientationLandscapeRight";
				LD_RUNPATH_SEARCH_PATHS = (
					"$(inherited)",
					"@executable_path/Frameworks",
				);
				MARKETING_VERSION = 1.0;
				PRODUCT_BUNDLE_IDENTIFIER = com.ios.Gespage;
				PRODUCT_NAME = "$(TARGET_NAME)";
				SWIFT_EMIT_LOC_STRINGS = YES;
				SWIFT_VERSION = 5.0;
				TARGETED_DEVICE_FAMILY = "1,2";
			};
			name = Debug;
		};
		15A82A522A741CFD000F9194 /* Release */ = {
			isa = XCBuildConfiguration;
			baseConfigurationReference = F3A49DEDA5FFF6B82EE9603C /* Pods-Gespage.release.xcconfig */;
			buildSettings = {
				ASSETCATALOG_COMPILER_APPICON_NAME = AppIcon;
				ASSETCATALOG_COMPILER_GLOBAL_ACCENT_COLOR_NAME = AccentColor;
				CODE_SIGN_STYLE = Automatic;
				CURRENT_PROJECT_VERSION = 1;
				GENERATE_INFOPLIST_FILE = YES;
				INFOPLIST_FILE = Gespage/Application/Info.plist;
				INFOPLIST_KEY_UIApplicationSupportsIndirectInputEvents = YES;
				INFOPLIST_KEY_UILaunchStoryboardName = LaunchScreen;
				INFOPLIST_KEY_UIMainStoryboardFile = Main;
				INFOPLIST_KEY_UISupportedInterfaceOrientations_iPad = "UIInterfaceOrientationPortrait UIInterfaceOrientationPortraitUpsideDown UIInterfaceOrientationLandscapeLeft UIInterfaceOrientationLandscapeRight";
				INFOPLIST_KEY_UISupportedInterfaceOrientations_iPhone = "UIInterfaceOrientationPortrait UIInterfaceOrientationLandscapeLeft UIInterfaceOrientationLandscapeRight";
				LD_RUNPATH_SEARCH_PATHS = (
					"$(inherited)",
					"@executable_path/Frameworks",
				);
				MARKETING_VERSION = 1.0;
				PRODUCT_BUNDLE_IDENTIFIER = com.ios.Gespage;
				PRODUCT_NAME = "$(TARGET_NAME)";
				SWIFT_EMIT_LOC_STRINGS = YES;
				SWIFT_VERSION = 5.0;
				TARGETED_DEVICE_FAMILY = "1,2";
			};
			name = Release;
		};
/* End XCBuildConfiguration section */

/* Begin XCConfigurationList section */
		15A82A372A741CFC000F9194 /* Build configuration list for PBXProject "Gespage" */ = {
			isa = XCConfigurationList;
			buildConfigurations = (
				15A82A4E2A741CFD000F9194 /* Debug */,
				15A82A4F2A741CFD000F9194 /* Release */,
			);
			defaultConfigurationIsVisible = 0;
			defaultConfigurationName = Release;
		};
		15A82A502A741CFD000F9194 /* Build configuration list for PBXNativeTarget "Gespage" */ = {
			isa = XCConfigurationList;
			buildConfigurations = (
				15A82A512A741CFD000F9194 /* Debug */,
				15A82A522A741CFD000F9194 /* Release */,
			);
			defaultConfigurationIsVisible = 0;
			defaultConfigurationName = Release;
		};
/* End XCConfigurationList section */
	};
	rootObject = 15A82A342A741CFC000F9194 /* Project object */;
}
